
Microsoft Visual Studio Solution File, Format Version 12.00
# Visual Studio Version 16
VisualStudioVersion = 16.0.29920.165
MinimumVisualStudioVersion = 10.0.40219.1
Project("{8BC9CEB8-8B4A-11D0-8D11-00A0C91BC942}") = "ContactUsingTries", "ContactUsingTries\ContactUsingTries.vcxproj", "{364F3DA5-5BC3-405D-8A7B-35D7E681029A}"
EndProject
Global
	GlobalSection(SolutionConfigurationPlatforms) = preSolution
		Debug|x64 = Debug|x64
		Debug|x86 = Debug|x86
		Release|x64 = Release|x64
		Release|x86 = Release|x86
	EndGlobalSection
	GlobalSection(ProjectConfigurationPlatforms) = postSolution
		{364F3DA5-5BC3-405D-8A7B-35D7E681029A}.Debug|x64.ActiveCfg = Debug|x64
		{364F3DA5-5BC3-405D-8A7B-35D7E681029A}.Debug|x64.Build.0 = Debug|x64
		{364F3DA5-5BC3-405D-8A7B-35D7E681029A}.Debug|x86.ActiveCfg = Debug|Win32
		{364F3DA5-5BC3-405D-8A7B-35D7E681029A}.Debug|x86.Build.0 = Debug|Win32
		{364F3DA5-5BC3-405D-8A7B-35D7E681029A}.Release|x64.ActiveCfg = Release|x64
		{364F3DA5-5BC3-405D-8A7B-35D7E681029A}.Release|x64.Build.0 = Release|x64
		{364F3DA5-5BC3-405D-8A7B-35D7E681029A}.Release|x86.ActiveCfg = Release|Win32
		{364F3DA5-5BC3-405D-8A7B-35D7E681029A}.Release|x86.Build.0 = Release|Win32
	EndGlobalSection
	GlobalSection(SolutionProperties) = preSolution
		HideSolutionNode = FALSE
	EndGlobalSection
	GlobalSection(ExtensibilityGlobals) = postSolution
		SolutionGuid = {EED04772-1BE0-464C-AB01-A94B1D0FE5EF}
	EndGlobalSection
EndGlobal
